
Microsoft Visual Studio Solution File, Format Version 12.00
# Visual Studio Version 16
VisualStudioVersion = 25.0.1704.0
MinimumVisualStudioVersion = 10.0.40219.1
Project("{FAE04EC0-301F-11D3-BF4B-00C04F79EFBC}") = "AtikYonetimSistemi", "AtikYonetimSistemi\AtikYonetimSistemi.csproj", "{A1E09933-A7E5-4CCD-933A-BFDBF68CC67E}"
EndProject
Global
	GlobalSection(SolutionConfigurationPlatforms) = preSolution
		Debug|Any CPU = Debug|Any CPU
		Release|Any CPU = Release|Any CPU
	EndGlobalSection
	GlobalSection(ProjectConfigurationPlatforms) = postSolution
		{A1E09933-A7E5-4CCD-933A-BFDBF68CC67E}.Debug|Any CPU.ActiveCfg = Debug|Any CPU
		{A1E09933-A7E5-4CCD-933A-BFDBF68CC67E}.Debug|Any CPU.Build.0 = Debug|Any CPU
		{A1E09933-A7E5-4CCD-933A-BFDBF68CC67E}.Release|Any CPU.ActiveCfg = Release|Any CPU
		{A1E09933-A7E5-4CCD-933A-BFDBF68CC67E}.Release|Any CPU.Build.0 = Release|Any CPU
	EndGlobalSection
	GlobalSection(SolutionProperties) = preSolution
		HideSolutionNode = FALSE
	EndGlobalSection
	GlobalSection(ExtensibilityGlobals) = postSolution
		SolutionGuid = {665E3153-FCAD-4F63-8E99-4C36E67DB321}
	EndGlobalSection
EndGlobal
